
Microsoft Visual Studio Solution File, Format Version 12.00
# Visual Studio 15
VisualStudioVersion = 15.0.28307.329
MinimumVisualStudioVersion = 10.0.40219.1
Project("{FAE04EC0-301F-11D3-BF4B-00C04F79EFBC}") = "voice_autentification", "voice_autentification\voice_autentification.csproj", "{288526EC-2E1B-4FFD-93A5-0ACF85FEFAE3}"
EndProject
Global
	GlobalSection(SolutionConfigurationPlatforms) = preSolution
		Debug|Any CPU = Debug|Any CPU
		Release|Any CPU = Release|Any CPU
	EndGlobalSection
	GlobalSection(ProjectConfigurationPlatforms) = postSolution
		{288526EC-2E1B-4FFD-93A5-0ACF85FEFAE3}.Debug|Any CPU.ActiveCfg = Debug|Any CPU
		{288526EC-2E1B-4FFD-93A5-0ACF85FEFAE3}.Debug|Any CPU.Build.0 = Debug|Any CPU
		{288526EC-2E1B-4FFD-93A5-0ACF85FEFAE3}.Release|Any CPU.ActiveCfg = Release|Any CPU
		{288526EC-2E1B-4FFD-93A5-0ACF85FEFAE3}.Release|Any CPU.Build.0 = Release|Any CPU
	EndGlobalSection
	GlobalSection(SolutionProperties) = preSolution
		HideSolutionNode = FALSE
	EndGlobalSection
	GlobalSection(ExtensibilityGlobals) = postSolution
		SolutionGuid = {03FA462F-132E-4635-A0D8-C838D1EC6A45}
	EndGlobalSection
EndGlobal
